github.com/BurntSushi/toml v0.3.1 h1:WXkYYl6Yr3qBf1K79EBnL4mak0OimBfB0XUf9Vl28OQ=
github.com/BurntSushi/toml v0.3.1/go.mod h1:xHWCNGjB5oqiDr8zfno3MHue2Ht5sIBksp03qcyfWMU=
github.com/antchfx/goreadly v0.0.0-20190301083720-acd01641e2dd h1:TxMa15yy6r6cR+MDTwSjYJmKAcjsBeZL7BT+IzMiYLA=
github.com/antchfx/goreadly v0.0.0-20190301083720-acd01641e2dd/go.mod h1:9XRsT6iW7y/5wHGQYcGNbFg0+FZbkP1rnT2PcQ5DwB4=
github.com/antchfx/htmlquery v1.0.0 h1:O5IXz8fZF3B3MW+B33MZWbTHBlYmcfw0BAxgErHuaMA=
github.com/antchfx/htmlquery v1.0.0/go.mod h1:MS9yksVSQXls00iXkiMqXr0J+umL/AmxXKuP28SUJM8=
github.com/antchfx/xpath v0.0.0-20190129040759-c8489ed3251e h1:ptBAamGVd6CfRsUtyHD+goy2JGhv1QC32v3gqM8mYAM=
github.com/antchfx/xpath v0.0.0-20190129040759-c8489ed3251e/go.mod h1:Yee4kTMuNiPYJ7nSNorELQMr1J33uOpXDMByNYhvtNk=
github.com/boltdb/bolt v1.3.1 h1:JQmyP4ZBrce+ZQu0dY660FMfatumYDLun9hBCUVIkF4=
github.com/boltdb/bolt v1.3.1/go.mod h1:clJnj/oiGkjum5o1McbSZDSLxVThjynRyGBgiAx27Ps=
github.com/coreos/go-systemd v0.0.0-20181031085051-9002847aa142 h1:3jFq2xL4ZajGK4aZY8jz+DAF0FHjI51BXjjSwCzS1Dk=
github.com/coreos/go-systemd v0.0.0-20181031085051-9002847aa142/go.mod h1:F5haX7vjVVG0kc13fIWeqUViNPyEJxv/OmvnBo0Yme4=
github.com/davecgh/go-spew v1.1.1/go.mod h1:J7Y8YcW2NihsgmVo/mv3lAwl/skON4iLHjSsI+c5H38=
github.com/djcrock/periodize v0.0.0-20171028205509-fe2af2938516 h1:atg4rq4DP76QQD4bZShh2bjsJ/7w/qTczzKvFGjPyMI=
github.com/djcrock/periodize v0.0.0-20171028205509-fe2af2938516/go.mod h1:za3woZLlQKYY40N9UTA8Y7Z3dymSV7nPnKkTh3y4eKI=
github.com/google/uuid v1.1.1 h1:Gkbcsh/GbpXz7lPftLA3P6TYMwjCLYm83jiFQZF/3gY=
github.com/google/uuid v1.1.1/go.mod h1:TIyPZe4MgqvfeYDBFedMoGGpEw/LqOeaOT+nhxU+yHo=
github.com/gorilla/context v1.1.1 h1:AWwleXJkX/nhcU9bZSnZoi3h/qGYqQAGhq6zZe/aQW8=
github.com/gorilla/context v1.1.1/go.mod h1:kBGZzfjB9CEq2AlWe17Uuf7NDRt0dE0s8S51q0aT7Yg=
github.com/gorilla/securecookie v1.1.1 h1:miw7JPhV+b/lAHSXz4qd/nN9jRiAFV5FwjeKyCS8BvQ=
github.com/gorilla/securecookie v1.1.1/go.mod h1:ra0sb63/xPlUeL+yeDciTfxMRAA+MP+HVt/4epWDjd4=
github.com/gorilla/sessions v1.1.3 h1:uXoZdcdA5XdXF3QzuSlheVRUvjl+1rKY7zBXL68L9RU=
github.com/gorilla/sessions v1.1.3/go.mod h1:8KCfur6+4Mqcc6S0FEfKuN15Vl5MgXW92AE8ovaJD0w=
github.com/peterhellberg/link v1.0.0/go.mod h1:gtSlOT4jmkY8P47hbTc8PTgiDDWpdPbFYl75keYyBB8=
github.com/pmezard/go-difflib v1.0.0/go.mod h1:iKH77koFhYxTK1pcRnkKkqfTogsbg7gZNVY4sRDYZ/4=
github.com/stretchr/testify v1.2.2/go.mod h1:a8OnRcib4nhh0OaRAV+Yts87kKdq0PP7pXfy6kDkUVs=
golang.org/x/net v0.0.0-20190213061140-3a22650c66bd h1:HuTn7WObtcDo9uEEU7rEqL0jYthdXAmZ6PP+meazmaU=
golang.org/x/net v0.0.0-20190213061140-3a22650c66bd/go.mod h1:mL1N/T3taQHkDXs73rZJwtUhF3w3ftmwwsq0BUmARs4=
golang.org/x/text v0.3.0 h1:g61tztE5qeGQ89tm6NTjjM9VPIm088od1l6aSorWRWg=
golang.org/x/text v0.3.0/go.mod h1:NqM8EUOU14njkJ3fqMW+pc6Ldnwhi/IjpwHt7yyuwOQ=
hawx.me/code/assert v0.0.0-20150803185601-4570da094475/go.mod h1:T9mMMImeViZqsnBMFwbc0TbTlDb+bwAPF0PUJpjam6s=
hawx.me/code/indieauth v0.0.0-20190302165148-d51e58d05695 h1:w+FjAGjRgZgJtWM0CiVq3/kLWVdd3IoXJEfoNFux5tk=
hawx.me/code/indieauth v0.0.0-20190302165148-d51e58d05695/go.mod h1:xBly+ljsoTxJ4ZPCYm0jeFj+udB00ufyxKhec/rnWtQ=
hawx.me/code/route v1.0.0 h1:oSH04y0xTXUY5dflvRyUYl+yqs5J/lDvbOwMJc80sYY=
hawx.me/code/route v1.0.0/go.mod h1:SKWPgx9IKsK2Yy66xj1bSRBOTMwR6kFQcLMjgajaeAc=
hawx.me/code/serve v0.0.0-20190207181551-eb94630184cf h1:8rHeLEfK+pyTPkL/kH5THN2HgtfbuMeHnnneMFijo3Y=
hawx.me/code/serve v0.0.0-20190207181551-eb94630184cf/go.mod h1:3Nhu3uATqipwDDYpeaS/SEIBvC2vbO0hdqYmHffpwRU=
